
Microsoft Visual Studio Solution File, Format Version 12.00
Project("{FAE04EC0-301F-11D3-BF4B-00C04F79EFBC}") = "RPSSL_week5", "RPSSL_week5\RPSSL_week5.csproj", "{EE40D89E-B828-41AD-AEED-FF140E3A9428}"
EndProject
Global
	GlobalSection(SolutionConfigurationPlatforms) = preSolution
		Debug|Any CPU = Debug|Any CPU
		Release|Any CPU = Release|Any CPU
	EndGlobalSection
	GlobalSection(ProjectConfigurationPlatforms) = postSolution
		{EE40D89E-B828-41AD-AEED-FF140E3A9428}.Debug|Any CPU.ActiveCfg = Debug|Any CPU
		{EE40D89E-B828-41AD-AEED-FF140E3A9428}.Debug|Any CPU.Build.0 = Debug|Any CPU
		{EE40D89E-B828-41AD-AEED-FF140E3A9428}.Release|Any CPU.ActiveCfg = Release|Any CPU
		{EE40D89E-B828-41AD-AEED-FF140E3A9428}.Release|Any CPU.Build.0 = Release|Any CPU
	EndGlobalSection
EndGlobal
